
Microsoft Visual Studio Solution File, Format Version 12.00
# Visual Studio 2013
VisualStudioVersion = 12.0.31101.0
MinimumVisualStudioVersion = 10.0.40219.1
Project("{FAE04EC0-301F-11D3-BF4B-00C04F79EFBC}") = "XmasLeds.WebApi", "XmasLeds.WebApi\XmasLeds.WebApi.csproj", "{F8EA6131-B4D3-4D3B-985F-30E40E109715}"
EndProject
Project("{2150E333-8FDC-42A3-9474-1A3956D46DE8}") = "PublishScripts", "PublishScripts", "{1D2F87DA-A8B0-4BEF-A6E8-C2C39A2FDC9A}"
	ProjectSection(SolutionItems) = preProject
		PublishScripts\AzureWebsitePublishModule.psm1 = PublishScripts\AzureWebsitePublishModule.psm1
		PublishScripts\Publish-WebApplicationWebsite.ps1 = PublishScripts\Publish-WebApplicationWebsite.ps1
	EndProjectSection
EndProject
Project("{2150E333-8FDC-42A3-9474-1A3956D46DE8}") = "Configurations", "Configurations", "{8EC0D09E-A1E6-4362-86AF-466F25EB6D4D}"
	ProjectSection(SolutionItems) = preProject
		PublishScripts\Configurations\XmasLedsWebApi-WAWS-dev.json = PublishScripts\Configurations\XmasLedsWebApi-WAWS-dev.json
	EndProjectSection
EndProject
Project("{FAE04EC0-301F-11D3-BF4B-00C04F79EFBC}") = "TwitterListener.WebJob", "TwitterListener.WebJob\TwitterListener.WebJob.csproj", "{EE34CA5B-B117-4620-B456-049E0ACCDF7C}"
EndProject
Global
	GlobalSection(SolutionConfigurationPlatforms) = preSolution
		Debug|Any CPU = Debug|Any CPU
		Release|Any CPU = Release|Any CPU
	EndGlobalSection
	GlobalSection(ProjectConfigurationPlatforms) = postSolution
		{F8EA6131-B4D3-4D3B-985F-30E40E109715}.Debug|Any CPU.ActiveCfg = Debug|Any CPU
		{F8EA6131-B4D3-4D3B-985F-30E40E109715}.Debug|Any CPU.Build.0 = Debug|Any CPU
		{F8EA6131-B4D3-4D3B-985F-30E40E109715}.Release|Any CPU.ActiveCfg = Release|Any CPU
		{F8EA6131-B4D3-4D3B-985F-30E40E109715}.Release|Any CPU.Build.0 = Release|Any CPU
		{EE34CA5B-B117-4620-B456-049E0ACCDF7C}.Debug|Any CPU.ActiveCfg = Debug|Any CPU
		{EE34CA5B-B117-4620-B456-049E0ACCDF7C}.Debug|Any CPU.Build.0 = Debug|Any CPU
		{EE34CA5B-B117-4620-B456-049E0ACCDF7C}.Release|Any CPU.ActiveCfg = Release|Any CPU
		{EE34CA5B-B117-4620-B456-049E0ACCDF7C}.Release|Any CPU.Build.0 = Release|Any CPU
	EndGlobalSection
	GlobalSection(SolutionProperties) = preSolution
		HideSolutionNode = FALSE
	EndGlobalSection
	GlobalSection(NestedProjects) = preSolution
		{8EC0D09E-A1E6-4362-86AF-466F25EB6D4D} = {1D2F87DA-A8B0-4BEF-A6E8-C2C39A2FDC9A}
	EndGlobalSection
EndGlobal
